
Microsoft Visual Studio Solution File, Format Version 12.00
# Visual Studio Version 16
VisualStudioVersion = 16.0.32228.343
MinimumVisualStudioVersion = 10.0.40219.1
Project("{FAE04EC0-301F-11D3-BF4B-00C04F79EFBC}") = "hometask 4", "hometask 4\hometask 4.csproj", "{DEAEFC0E-3A66-49D4-A2D7-E234E1DC6EC1}"
EndProject
Global
	GlobalSection(SolutionConfigurationPlatforms) = preSolution
		Debug|Any CPU = Debug|Any CPU
		Release|Any CPU = Release|Any CPU
	EndGlobalSection
	GlobalSection(ProjectConfigurationPlatforms) = postSolution
		{DEAEFC0E-3A66-49D4-A2D7-E234E1DC6EC1}.Debug|Any CPU.ActiveCfg = Debug|Any CPU
		{DEAEFC0E-3A66-49D4-A2D7-E234E1DC6EC1}.Debug|Any CPU.Build.0 = Debug|Any CPU
		{DEAEFC0E-3A66-49D4-A2D7-E234E1DC6EC1}.Release|Any CPU.ActiveCfg = Release|Any CPU
		{DEAEFC0E-3A66-49D4-A2D7-E234E1DC6EC1}.Release|Any CPU.Build.0 = Release|Any CPU
	EndGlobalSection
	GlobalSection(SolutionProperties) = preSolution
		HideSolutionNode = FALSE
	EndGlobalSection
	GlobalSection(ExtensibilityGlobals) = postSolution
		SolutionGuid = {5DF14F2C-D33D-4192-9A8C-CE9989C1EAEE}
	EndGlobalSection
EndGlobal
